{
  "name": "webapps-deploy-dotnet",
  "version": "1.0.0",
  "lockfileVersion": 3,
  "requires": true,
  "packages": {
    "": {
      "name": "webapps-deploy-dotnet",
      "version": "1.0.0",
      "license": "MIT",
      "dependencies": {
        "@xmldom/xmldom": "0.9.7",
        "crc-32": "1.2.2",
        "xpath": "0.0.34"
      }
    },
    "node_modules/@xmldom/xmldom": {
      "version": "0.9.7",
      "resolved": "https://registry.npmjs.org/@xmldom/xmldom/-/xmldom-0.9.7.tgz",
      "integrity": "sha512-syvR8iIJjpTZ/stv7l89UAViwGFh6lbheeOaqSxkYx9YNmIVvPTRH+CT/fpykFtUx5N+8eSMDRvggF9J8GEPzQ==",
      "license": "MIT",
      "engines": {
        "node": ">=14.6"
      }
    },
    "node_modules/crc-32": {
      "version": "1.2.2",
      "resolved": "https://registry.npmjs.org/crc-32/-/crc-32-1.2.2.tgz",
      "integrity": "sha512-ROmzCKrTnOwybPcJApAA6WBWij23HVfGVNKqqrZpuyZOHqK2CwHSvpGuyt/UNNvaIjEd8X5IFGp4Mh+Ie1IHJQ==",
      "license": "Apache-2.0",
      "bin": {
        "crc32": "bin/crc32.njs"
      },
      "engines": {
        "node": ">=0.8"
      }
    },
    "node_modules/xpath": {
      "version": "0.0.34",
      "resolved": "https://registry.npmjs.org/xpath/-/xpath-0.0.34.tgz",
      "integrity": "sha512-FxF6+rkr1rNSQrhUNYrAFJpRXNzlDoMxeXN5qI84939ylEv3qqPFKa85Oxr6tDaJKqwW6KKyo2v26TSv3k6LeA==",
      "license": "MIT",
      "engines": {
        "node": ">=0.6.0"
      }
    }
  }
}
